// !$*UTF8*$!
{
	archiveVersion = 1;
	classes = {
	};
	objectVersion = 46;
	objects = {

/* Begin PBXBuildFile section */
		50C378781ED13EA300519B0C /* main.c in Sources */ = {isa = PBXBuildFile; fileRef = 50C378771ED13EA300519B0C /* main.c */; };
		50C378801ED13EB800519B0C /* HuffmanTree.c in Sources */ = {isa = PBXBuildFile; fileRef = 50C3787E1ED13EB800519B0C /* HuffmanTree.c */; };
/* End PBXBuildFile section */

/* Begin PBXCopyFilesBuildPhase section */
		50C378721ED13EA300519B0C /* CopyFiles */ = {
			isa = PBXCopyFilesBuildPhase;
			buildActionMask = 2147483647;
			dstPath = /usr/share/man/man1/;
			dstSubfolderSpec = 0;
			files = (
			);
			runOnlyForDeploymentPostprocessing = 1;
		};
/* End PBXCopyFilesBuildPhase section */

/* Begin PBXFileReference section */
		50C378741ED13EA300519B0C /* 3.1 赫夫曼树编码 */ = {isa = PBXFileReference; explicitFileType = "compiled.mach-o.executable"; includeInIndex = 0; path = "3.1 赫夫曼树编码"; sourceTree = BUILT_PRODUCTS_DIR; };
		50C378771ED13EA300519B0C /* main.c */ = {isa = PBXFileReference; lastKnownFileType = sourcecode.c.c; path = main.c; sourceTree = "<group>"; };
		50C3787E1ED13EB800519B0C /* HuffmanTree.c */ = {isa = PBXFileReference; fileEncoding = 4; lastKnownFileType = sourcecode.c.c; path = HuffmanTree.c; sourceTree = "<group>"; };
		50C3787F1ED13EB800519B0C /* HuffmanTree.h */ = {isa = PBXFileReference; fileEncoding = 4; lastKnownFileType = sourcecode.c.h; path = HuffmanTree.h; sourceTree = "<group>"; };
/* End PBXFileReference section */

/* Begin PBXFrameworksBuildPhase section */
		50C378711ED13EA300519B0C /* Frameworks */ = {
			isa = PBXFrameworksBuildPhase;
			buildActionMask = 2147483647;
			files = (
			);
			runOnlyForDeploymentPostprocessing = 0;
		};
/* End PBXFrameworksBuildPhase section */

/* Begin PBXGroup section */
		50C3786B1ED13EA300519B0C = {
			isa = PBXGroup;
			children = (
				50C378761ED13EA300519B0C /* 3.1 赫夫曼树编码 */,
				50C378751ED13EA300519B0C /* Products */,
			);
			sourceTree = "<group>";
		};
		50C378751ED13EA300519B0C /* Products */ = {
			isa = PBXGroup;
			children = (
				50C378741ED13EA300519B0C /* 3.1 赫夫曼树编码 */,
			);
			name = Products;
			sourceTree = "<group>";
		};
		50C378761ED13EA300519B0C /* 3.1 赫夫曼树编码 */ = {
			isa = PBXGroup;
			children = (
				50C378771ED13EA300519B0C /* main.c */,
				50C3787F1ED13EB800519B0C /* HuffmanTree.h */,
				50C3787E1ED13EB800519B0C /* HuffmanTree.c */,
			);
			path = "3.1 赫夫曼树编码";
			sourceTree = "<group>";
		};
/* End PBXGroup section */

/* Begin PBXNativeTarget section */
		50C378731ED13EA300519B0C /* 3.1 赫夫曼树编码 */ = {
			isa = PBXNativeTarget;
			buildConfigurationList = 50C3787B1ED13EA300519B0C /* Build configuration list for PBXNativeTarget "3.1 赫夫曼树编码" */;
			buildPhases = (
				50C378701ED13EA300519B0C /* Sources */,
				50C378711ED13EA300519B0C /* Frameworks */,
				50C378721ED13EA300519B0C /* CopyFiles */,
			);
			buildRules = (
			);
			dependencies = (
			);
			name = "3.1 赫夫曼树编码";
			productName = "3.1 赫夫曼树编码";
			productReference = 50C378741ED13EA300519B0C /* 3.1 赫夫曼树编码 */;
			productType = "com.apple.product-type.tool";
		};
/* End PBXNativeTarget section */

/* Begin PBXProject section */
		50C3786C1ED13EA300519B0C /* Project object */ = {
			isa = PBXProject;
			attributes = {
				LastUpgradeCheck = 0830;
				ORGANIZATIONNAME = wangx;
				TargetAttributes = {
					50C378731ED13EA300519B0C = {
						CreatedOnToolsVersion = 8.3.2;
						ProvisioningStyle = Automatic;
					};
				};
			};
			buildConfigurationList = 50C3786F1ED13EA300519B0C /* Build configuration list for PBXProject "3.1 赫夫曼树编码" */;
			compatibilityVersion = "Xcode 3.2";
			developmentRegion = English;
			hasScannedForEncodings = 0;
			knownRegions = (
				en,
			);
			mainGroup = 50C3786B1ED13EA300519B0C;
			productRefGroup = 50C378751ED13EA300519B0C /* Products */;
			projectDirPath = "";
			projectRoot = "";
			targets = (
				50C378731ED13EA300519B0C /* 3.1 赫夫曼树编码 */,
			);
		};
/* End PBXProject section */

/* Begin PBXSourcesBuildPhase section */
		50C378701ED13EA300519B0C /* Sources */ = {
			isa = PBXSourcesBuildPhase;
			buildActionMask = 2147483647;
			files = (
				50C378781ED13EA300519B0C /* main.c in Sources */,
				50C378801ED13EB800519B0C /* HuffmanTree.c in Sources */,
			);
			runOnlyForDeploymentPostprocessing = 0;
		};
/* End PBXSourcesBuildPhase section */

/* Begin XCBuildConfiguration section */
		50C378791ED13EA300519B0C /* Debug */ = {
			isa = XCBuildConfiguration;
			buildSettings = {
				ALWAYS_SEARCH_USER_PATHS = NO;
				CLANG_ANALYZER_NONNULL = YES;
				CLANG_ANALYZER_NUMBER_OBJECT_CONVERSION = YES_AGGRESSIVE;
				CLANG_CXX_LANGUAGE_STANDARD = "gnu++0x";
				CLANG_CXX_LIBRARY = "libc++";
				CLANG_ENABLE_MODULES = YES;
				CLANG_ENABLE_OBJC_ARC = YES;
				CLANG_WARN_BOOL_CONVERSION = YES;
				CLANG_WARN_CONSTANT_CONVERSION = YES;
				CLANG_WARN_DIRECT_OBJC_ISA_USAGE = YES_ERROR;
				CLANG_WARN_DOCUMENTATION_COMMENTS = YES;
				CLANG_WARN_EMPTY_BODY = YES;
				CLANG_WARN_ENUM_CONVERSION = YES;
				CLANG_WARN_INFINITE_RECURSION = YES;
				CLANG_WARN_INT_CONVERSION = YES;
				CLANG_WARN_OBJC_ROOT_CLASS = YES_ERROR;
				CLANG_WARN_SUSPICIOUS_MOVE = YES;
				CLANG_WARN_UNREACHABLE_CODE = YES;
				CLANG_WARN__DUPLICATE_METHOD_MATCH = YES;
				CODE_SIGN_IDENTITY = "-";
				COPY_PHASE_STRIP = NO;
				DEBUG_INFORMATION_FORMAT = dwarf;
				ENABLE_STRICT_OBJC_MSGSEND = YES;
				ENABLE_TESTABILITY = YES;
				GCC_C_LANGUAGE_STANDARD = gnu99;
				GCC_DYNAMIC_NO_PIC = NO;
				GCC_NO_COMMON_BLOCKS = YES;
				GCC_OPTIMIZATION_LEVEL = 0;
				GCC_PREPROCESSOR_DEFINITIONS = (
					"DEBUG=1",
					"$(inherited)",
				);
				GCC_WARN_64_TO_32_BIT_CONVERSION = YES;
				GCC_WARN_ABOUT_RETURN_TYPE = YES_ERROR;
				GCC_WARN_UNDECLARED_SELECTOR = YES;
				GCC_WARN_UNINITIALIZED_AUTOS = YES_AGGRESSIVE;
				GCC_WARN_UNUSED_FUNCTION = YES;
				GCC_WARN_UNUSED_VARIABLE = YES;
				MACOSX_DEPLOYMENT_TARGET = 10.12;
				MTL_ENABLE_DEBUG_INFO = YES;
				ONLY_ACTIVE_ARCH = YES;
				SDKROOT = macosx;
			};
			name = Debug;
		};
		50C3787A1ED13EA300519B0C /* Release */ = {
			isa = XCBuildConfiguration;
			buildSettings = {
				ALWAYS_SEARCH_USER_PATHS = NO;
				CLANG_ANALYZER_NONNULL = YES;
				CLANG_ANALYZER_NUMBER_OBJECT_CONVERSION = YES_AGGRESSIVE;
				CLANG_CXX_LANGUAGE_STANDARD = "gnu++0x";
				CLANG_CXX_LIBRARY = "libc++";
				CLANG_ENABLE_MODULES = YES;
				CLANG_ENABLE_OBJC_ARC = YES;
				CLANG_WARN_BOOL_CONVERSION = YES;
				CLANG_WARN_CONSTANT_CONVERSION = YES;
				CLANG_WARN_DIRECT_OBJC_ISA_USAGE = YES_ERROR;
				CLANG_WARN_DOCUMENTATION_COMMENTS = YES;
				CLANG_WARN_EMPTY_BODY = YES;
				CLANG_WARN_ENUM_CONVERSION = YES;
				CLANG_WARN_INFINITE_RECURSION = YES;
				CLANG_WARN_INT_CONVERSION = YES;
				CLANG_WARN_OBJC_ROOT_CLASS = YES_ERROR;
				CLANG_WARN_SUSPICIOUS_MOVE = YES;
				CLANG_WARN_UNREACHABLE_CODE = YES;
				CLANG_WARN__DUPLICATE_METHOD_MATCH = YES;
				CODE_SIGN_IDENTITY = "-";
				COPY_PHASE_STRIP = NO;
				DEBUG_INFORMATION_FORMAT = "dwarf-with-dsym";
				ENABLE_NS_ASSERTIONS = NO;
				ENABLE_STRICT_OBJC_MSGSEND = YES;
				GCC_C_LANGUAGE_STANDARD = gnu99;
				GCC_NO_COMMON_BLOCKS = YES;
				GCC_WARN_64_TO_32_BIT_CONVERSION = YES;
				GCC_WARN_ABOUT_RETURN_TYPE = YES_ERROR;
				GCC_WARN_UNDECLARED_SELECTOR = YES;
				GCC_WARN_UNINITIALIZED_AUTOS = YES_AGGRESSIVE;
				GCC_WARN_UNUSED_FUNCTION = YES;
				GCC_WARN_UNUSED_VARIABLE = YES;
				MACOSX_DEPLOYMENT_TARGET = 10.12;
				MTL_ENABLE_DEBUG_INFO = NO;
				SDKROOT = macosx;
			};
			name = Release;
		};
		50C3787C1ED13EA300519B0C /* Debug */ = {
			isa = XCBuildConfiguration;
			buildSettings = {
				PRODUCT_NAME = "$(TARGET_NAME)";
			};
			name = Debug;
		};
		50C3787D1ED13EA300519B0C /* Release */ = {
			isa = XCBuildConfiguration;
			buildSettings = {
				PRODUCT_NAME = "$(TARGET_NAME)";
			};
			name = Release;
		};
/* End XCBuildConfiguration section */

/* Begin XCConfigurationList section */
		50C3786F1ED13EA300519B0C /* Build configuration list for PBXProject "3.1 赫夫曼树编码" */ = {
			isa = XCConfigurationList;
			buildConfigurations = (
				50C378791ED13EA300519B0C /* Debug */,
				50C3787A1ED13EA300519B0C /* Release */,
			);
			defaultConfigurationIsVisible = 0;
			defaultConfigurationName = Release;
		};
		50C3787B1ED13EA300519B0C /* Build configuration list for PBXNativeTarget "3.1 赫夫曼树编码" */ = {
			isa = XCConfigurationList;
			buildConfigurations = (
				50C3787C1ED13EA300519B0C /* Debug */,
				50C3787D1ED13EA300519B0C /* Release */,
			);
			defaultConfigurationIsVisible = 0;
		};
/* End XCConfigurationList section */
	};
	rootObject = 50C3786C1ED13EA300519B0C /* Project object */;
}
