// !$*UTF8*$!
{
	archiveVersion = 1;
	classes = {
	};
	objectVersion = 46;
	objects = {

/* Begin PBXBuildFile section */
		5050979E1ED1D53D00AB53C5 /* main.c in Sources */ = {isa = PBXBuildFile; fileRef = 5050979D1ED1D53D00AB53C5 /* main.c */; };
		505097A61ED1D55600AB53C5 /* AdjMatrixGraph.c in Sources */ = {isa = PBXBuildFile; fileRef = 505097A41ED1D55600AB53C5 /* AdjMatrixGraph.c */; };
/* End PBXBuildFile section */

/* Begin PBXCopyFilesBuildPhase section */
		505097981ED1D53D00AB53C5 /* CopyFiles */ = {
			isa = PBXCopyFilesBuildPhase;
			buildActionMask = 2147483647;
			dstPath = /usr/share/man/man1/;
			dstSubfolderSpec = 0;
			files = (
			);
			runOnlyForDeploymentPostprocessing = 1;
		};
/* End PBXCopyFilesBuildPhase section */

/* Begin PBXFileReference section */
		5050979A1ED1D53D00AB53C5 /* 3.2 图 */ = {isa = PBXFileReference; explicitFileType = "compiled.mach-o.executable"; includeInIndex = 0; path = "3.2 图"; sourceTree = BUILT_PRODUCTS_DIR; };
		5050979D1ED1D53D00AB53C5 /* main.c */ = {isa = PBXFileReference; lastKnownFileType = sourcecode.c.c; path = main.c; sourceTree = "<group>"; };
		505097A41ED1D55600AB53C5 /* AdjMatrixGraph.c */ = {isa = PBXFileReference; fileEncoding = 4; lastKnownFileType = sourcecode.c.c; path = AdjMatrixGraph.c; sourceTree = "<group>"; };
		505097A51ED1D55600AB53C5 /* AdjMatrixGraph.h */ = {isa = PBXFileReference; fileEncoding = 4; lastKnownFileType = sourcecode.c.h; path = AdjMatrixGraph.h; sourceTree = "<group>"; };
/* End PBXFileReference section */

/* Begin PBXFrameworksBuildPhase section */
		505097971ED1D53D00AB53C5 /* Frameworks */ = {
			isa = PBXFrameworksBuildPhase;
			buildActionMask = 2147483647;
			files = (
			);
			runOnlyForDeploymentPostprocessing = 0;
		};
/* End PBXFrameworksBuildPhase section */

/* Begin PBXGroup section */
		505097911ED1D53C00AB53C5 = {
			isa = PBXGroup;
			children = (
				5050979C1ED1D53D00AB53C5 /* 3.2 图 */,
				5050979B1ED1D53D00AB53C5 /* Products */,
			);
			sourceTree = "<group>";
		};
		5050979B1ED1D53D00AB53C5 /* Products */ = {
			isa = PBXGroup;
			children = (
				5050979A1ED1D53D00AB53C5 /* 3.2 图 */,
			);
			name = Products;
			sourceTree = "<group>";
		};
		5050979C1ED1D53D00AB53C5 /* 3.2 图 */ = {
			isa = PBXGroup;
			children = (
				5050979D1ED1D53D00AB53C5 /* main.c */,
				505097A51ED1D55600AB53C5 /* AdjMatrixGraph.h */,
				505097A41ED1D55600AB53C5 /* AdjMatrixGraph.c */,
			);
			path = "3.2 图";
			sourceTree = "<group>";
		};
/* End PBXGroup section */

/* Begin PBXNativeTarget section */
		505097991ED1D53D00AB53C5 /* 3.2 图 */ = {
			isa = PBXNativeTarget;
			buildConfigurationList = 505097A11ED1D53D00AB53C5 /* Build configuration list for PBXNativeTarget "3.2 图" */;
			buildPhases = (
				505097961ED1D53D00AB53C5 /* Sources */,
				505097971ED1D53D00AB53C5 /* Frameworks */,
				505097981ED1D53D00AB53C5 /* CopyFiles */,
			);
			buildRules = (
			);
			dependencies = (
			);
			name = "3.2 图";
			productName = "3.2 图";
			productReference = 5050979A1ED1D53D00AB53C5 /* 3.2 图 */;
			productType = "com.apple.product-type.tool";
		};
/* End PBXNativeTarget section */

/* Begin PBXProject section */
		505097921ED1D53C00AB53C5 /* Project object */ = {
			isa = PBXProject;
			attributes = {
				LastUpgradeCheck = 0830;
				ORGANIZATIONNAME = wangx;
				TargetAttributes = {
					505097991ED1D53D00AB53C5 = {
						CreatedOnToolsVersion = 8.3.2;
						ProvisioningStyle = Automatic;
					};
				};
			};
			buildConfigurationList = 505097951ED1D53C00AB53C5 /* Build configuration list for PBXProject "3.2 图" */;
			compatibilityVersion = "Xcode 3.2";
			developmentRegion = English;
			hasScannedForEncodings = 0;
			knownRegions = (
				en,
			);
			mainGroup = 505097911ED1D53C00AB53C5;
			productRefGroup = 5050979B1ED1D53D00AB53C5 /* Products */;
			projectDirPath = "";
			projectRoot = "";
			targets = (
				505097991ED1D53D00AB53C5 /* 3.2 图 */,
			);
		};
/* End PBXProject section */

/* Begin PBXSourcesBuildPhase section */
		505097961ED1D53D00AB53C5 /* Sources */ = {
			isa = PBXSourcesBuildPhase;
			buildActionMask = 2147483647;
			files = (
				5050979E1ED1D53D00AB53C5 /* main.c in Sources */,
				505097A61ED1D55600AB53C5 /* AdjMatrixGraph.c in Sources */,
			);
			runOnlyForDeploymentPostprocessing = 0;
		};
/* End PBXSourcesBuildPhase section */

/* Begin XCBuildConfiguration section */
		5050979F1ED1D53D00AB53C5 /* Debug */ = {
			isa = XCBuildConfiguration;
			buildSettings = {
				ALWAYS_SEARCH_USER_PATHS = NO;
				CLANG_ANALYZER_NONNULL = YES;
				CLANG_ANALYZER_NUMBER_OBJECT_CONVERSION = YES_AGGRESSIVE;
				CLANG_CXX_LANGUAGE_STANDARD = "gnu++0x";
				CLANG_CXX_LIBRARY = "libc++";
				CLANG_ENABLE_MODULES = YES;
				CLANG_ENABLE_OBJC_ARC = YES;
				CLANG_WARN_BOOL_CONVERSION = YES;
				CLANG_WARN_CONSTANT_CONVERSION = YES;
				CLANG_WARN_DIRECT_OBJC_ISA_USAGE = YES_ERROR;
				CLANG_WARN_DOCUMENTATION_COMMENTS = YES;
				CLANG_WARN_EMPTY_BODY = YES;
				CLANG_WARN_ENUM_CONVERSION = YES;
				CLANG_WARN_INFINITE_RECURSION = YES;
				CLANG_WARN_INT_CONVERSION = YES;
				CLANG_WARN_OBJC_ROOT_CLASS = YES_ERROR;
				CLANG_WARN_SUSPICIOUS_MOVE = YES;
				CLANG_WARN_UNREACHABLE_CODE = YES;
				CLANG_WARN__DUPLICATE_METHOD_MATCH = YES;
				CODE_SIGN_IDENTITY = "-";
				COPY_PHASE_STRIP = NO;
				DEBUG_INFORMATION_FORMAT = dwarf;
				ENABLE_STRICT_OBJC_MSGSEND = YES;
				ENABLE_TESTABILITY = YES;
				GCC_C_LANGUAGE_STANDARD = gnu99;
				GCC_DYNAMIC_NO_PIC = NO;
				GCC_NO_COMMON_BLOCKS = YES;
				GCC_OPTIMIZATION_LEVEL = 0;
				GCC_PREPROCESSOR_DEFINITIONS = (
					"DEBUG=1",
					"$(inherited)",
				);
				GCC_WARN_64_TO_32_BIT_CONVERSION = YES;
				GCC_WARN_ABOUT_RETURN_TYPE = YES_ERROR;
				GCC_WARN_UNDECLARED_SELECTOR = YES;
				GCC_WARN_UNINITIALIZED_AUTOS = YES_AGGRESSIVE;
				GCC_WARN_UNUSED_FUNCTION = YES;
				GCC_WARN_UNUSED_VARIABLE = YES;
				MACOSX_DEPLOYMENT_TARGET = 10.12;
				MTL_ENABLE_DEBUG_INFO = YES;
				ONLY_ACTIVE_ARCH = YES;
				SDKROOT = macosx;
			};
			name = Debug;
		};
		505097A01ED1D53D00AB53C5 /* Release */ = {
			isa = XCBuildConfiguration;
			buildSettings = {
				ALWAYS_SEARCH_USER_PATHS = NO;
				CLANG_ANALYZER_NONNULL = YES;
				CLANG_ANALYZER_NUMBER_OBJECT_CONVERSION = YES_AGGRESSIVE;
				CLANG_CXX_LANGUAGE_STANDARD = "gnu++0x";
				CLANG_CXX_LIBRARY = "libc++";
				CLANG_ENABLE_MODULES = YES;
				CLANG_ENABLE_OBJC_ARC = YES;
				CLANG_WARN_BOOL_CONVERSION = YES;
				CLANG_WARN_CONSTANT_CONVERSION = YES;
				CLANG_WARN_DIRECT_OBJC_ISA_USAGE = YES_ERROR;
				CLANG_WARN_DOCUMENTATION_COMMENTS = YES;
				CLANG_WARN_EMPTY_BODY = YES;
				CLANG_WARN_ENUM_CONVERSION = YES;
				CLANG_WARN_INFINITE_RECURSION = YES;
				CLANG_WARN_INT_CONVERSION = YES;
				CLANG_WARN_OBJC_ROOT_CLASS = YES_ERROR;
				CLANG_WARN_SUSPICIOUS_MOVE = YES;
				CLANG_WARN_UNREACHABLE_CODE = YES;
				CLANG_WARN__DUPLICATE_METHOD_MATCH = YES;
				CODE_SIGN_IDENTITY = "-";
				COPY_PHASE_STRIP = NO;
				DEBUG_INFORMATION_FORMAT = "dwarf-with-dsym";
				ENABLE_NS_ASSERTIONS = NO;
				ENABLE_STRICT_OBJC_MSGSEND = YES;
				GCC_C_LANGUAGE_STANDARD = gnu99;
				GCC_NO_COMMON_BLOCKS = YES;
				GCC_WARN_64_TO_32_BIT_CONVERSION = YES;
				GCC_WARN_ABOUT_RETURN_TYPE = YES_ERROR;
				GCC_WARN_UNDECLARED_SELECTOR = YES;
				GCC_WARN_UNINITIALIZED_AUTOS = YES_AGGRESSIVE;
				GCC_WARN_UNUSED_FUNCTION = YES;
				GCC_WARN_UNUSED_VARIABLE = YES;
				MACOSX_DEPLOYMENT_TARGET = 10.12;
				MTL_ENABLE_DEBUG_INFO = NO;
				SDKROOT = macosx;
			};
			name = Release;
		};
		505097A21ED1D53D00AB53C5 /* Debug */ = {
			isa = XCBuildConfiguration;
			buildSettings = {
				PRODUCT_NAME = "$(TARGET_NAME)";
			};
			name = Debug;
		};
		505097A31ED1D53D00AB53C5 /* Release */ = {
			isa = XCBuildConfiguration;
			buildSettings = {
				PRODUCT_NAME = "$(TARGET_NAME)";
			};
			name = Release;
		};
/* End XCBuildConfiguration section */

/* Begin XCConfigurationList section */
		505097951ED1D53C00AB53C5 /* Build configuration list for PBXProject "3.2 图" */ = {
			isa = XCConfigurationList;
			buildConfigurations = (
				5050979F1ED1D53D00AB53C5 /* Debug */,
				505097A01ED1D53D00AB53C5 /* Release */,
			);
			defaultConfigurationIsVisible = 0;
			defaultConfigurationName = Release;
		};
		505097A11ED1D53D00AB53C5 /* Build configuration list for PBXNativeTarget "3.2 图" */ = {
			isa = XCConfigurationList;
			buildConfigurations = (
				505097A21ED1D53D00AB53C5 /* Debug */,
				505097A31ED1D53D00AB53C5 /* Release */,
			);
			defaultConfigurationIsVisible = 0;
		};
/* End XCConfigurationList section */
	};
	rootObject = 505097921ED1D53C00AB53C5 /* Project object */;
}
