// !$*UTF8*$!
{
	archiveVersion = 1;
	classes = {
	};
	objectVersion = 46;
	objects = {

/* Begin PBXBuildFile section */
		500A659A1EA36D8000AF4CE8 /* main.c in Sources */ = {isa = PBXBuildFile; fileRef = 500A65991EA36D8000AF4CE8 /* main.c */; };
		500A65A21EA36D9F00AF4CE8 /* SeqList.c in Sources */ = {isa = PBXBuildFile; fileRef = 500A65A01EA36D9F00AF4CE8 /* SeqList.c */; };
/* End PBXBuildFile section */

/* Begin PBXCopyFilesBuildPhase section */
		500A65941EA36D8000AF4CE8 /* CopyFiles */ = {
			isa = PBXCopyFilesBuildPhase;
			buildActionMask = 2147483647;
			dstPath = /usr/share/man/man1/;
			dstSubfolderSpec = 0;
			files = (
			);
			runOnlyForDeploymentPostprocessing = 1;
		};
/* End PBXCopyFilesBuildPhase section */

/* Begin PBXFileReference section */
		500A65961EA36D8000AF4CE8 /* 2.1 线性表 */ = {isa = PBXFileReference; explicitFileType = "compiled.mach-o.executable"; includeInIndex = 0; path = "2.1 线性表"; sourceTree = BUILT_PRODUCTS_DIR; };
		500A65991EA36D8000AF4CE8 /* main.c */ = {isa = PBXFileReference; lastKnownFileType = sourcecode.c.c; path = main.c; sourceTree = "<group>"; };
		500A65A01EA36D9F00AF4CE8 /* SeqList.c */ = {isa = PBXFileReference; fileEncoding = 4; lastKnownFileType = sourcecode.c.c; path = SeqList.c; sourceTree = "<group>"; };
		500A65A11EA36D9F00AF4CE8 /* SeqList.h */ = {isa = PBXFileReference; fileEncoding = 4; lastKnownFileType = sourcecode.c.h; path = SeqList.h; sourceTree = "<group>"; };
/* End PBXFileReference section */

/* Begin PBXFrameworksBuildPhase section */
		500A65931EA36D8000AF4CE8 /* Frameworks */ = {
			isa = PBXFrameworksBuildPhase;
			buildActionMask = 2147483647;
			files = (
			);
			runOnlyForDeploymentPostprocessing = 0;
		};
/* End PBXFrameworksBuildPhase section */

/* Begin PBXGroup section */
		500A658D1EA36D7F00AF4CE8 = {
			isa = PBXGroup;
			children = (
				500A65981EA36D8000AF4CE8 /* 2.1 线性表 */,
				500A65971EA36D8000AF4CE8 /* Products */,
			);
			sourceTree = "<group>";
		};
		500A65971EA36D8000AF4CE8 /* Products */ = {
			isa = PBXGroup;
			children = (
				500A65961EA36D8000AF4CE8 /* 2.1 线性表 */,
			);
			name = Products;
			sourceTree = "<group>";
		};
		500A65981EA36D8000AF4CE8 /* 2.1 线性表 */ = {
			isa = PBXGroup;
			children = (
				500A65991EA36D8000AF4CE8 /* main.c */,
				500A65A11EA36D9F00AF4CE8 /* SeqList.h */,
				500A65A01EA36D9F00AF4CE8 /* SeqList.c */,
			);
			path = "2.1 线性表";
			sourceTree = "<group>";
		};
/* End PBXGroup section */

/* Begin PBXNativeTarget section */
		500A65951EA36D8000AF4CE8 /* 2.1 线性表 */ = {
			isa = PBXNativeTarget;
			buildConfigurationList = 500A659D1EA36D8000AF4CE8 /* Build configuration list for PBXNativeTarget "2.1 线性表" */;
			buildPhases = (
				500A65921EA36D8000AF4CE8 /* Sources */,
				500A65931EA36D8000AF4CE8 /* Frameworks */,
				500A65941EA36D8000AF4CE8 /* CopyFiles */,
			);
			buildRules = (
			);
			dependencies = (
			);
			name = "2.1 线性表";
			productName = "2.1 线性表";
			productReference = 500A65961EA36D8000AF4CE8 /* 2.1 线性表 */;
			productType = "com.apple.product-type.tool";
		};
/* End PBXNativeTarget section */

/* Begin PBXProject section */
		500A658E1EA36D7F00AF4CE8 /* Project object */ = {
			isa = PBXProject;
			attributes = {
				LastUpgradeCheck = 0820;
				ORGANIZATIONNAME = wangx;
				TargetAttributes = {
					500A65951EA36D8000AF4CE8 = {
						CreatedOnToolsVersion = 8.2;
						ProvisioningStyle = Automatic;
					};
				};
			};
			buildConfigurationList = 500A65911EA36D7F00AF4CE8 /* Build configuration list for PBXProject "2.1 线性表" */;
			compatibilityVersion = "Xcode 3.2";
			developmentRegion = English;
			hasScannedForEncodings = 0;
			knownRegions = (
				en,
			);
			mainGroup = 500A658D1EA36D7F00AF4CE8;
			productRefGroup = 500A65971EA36D8000AF4CE8 /* Products */;
			projectDirPath = "";
			projectRoot = "";
			targets = (
				500A65951EA36D8000AF4CE8 /* 2.1 线性表 */,
			);
		};
/* End PBXProject section */

/* Begin PBXSourcesBuildPhase section */
		500A65921EA36D8000AF4CE8 /* Sources */ = {
			isa = PBXSourcesBuildPhase;
			buildActionMask = 2147483647;
			files = (
				500A659A1EA36D8000AF4CE8 /* main.c in Sources */,
				500A65A21EA36D9F00AF4CE8 /* SeqList.c in Sources */,
			);
			runOnlyForDeploymentPostprocessing = 0;
		};
/* End PBXSourcesBuildPhase section */

/* Begin XCBuildConfiguration section */
		500A659B1EA36D8000AF4CE8 /* Debug */ = {
			isa = XCBuildConfiguration;
			buildSettings = {
				ALWAYS_SEARCH_USER_PATHS = NO;
				CLANG_ANALYZER_NONNULL = YES;
				CLANG_CXX_LANGUAGE_STANDARD = "gnu++0x";
				CLANG_CXX_LIBRARY = "libc++";
				CLANG_ENABLE_MODULES = YES;
				CLANG_ENABLE_OBJC_ARC = YES;
				CLANG_WARN_BOOL_CONVERSION = YES;
				CLANG_WARN_CONSTANT_CONVERSION = YES;
				CLANG_WARN_DIRECT_OBJC_ISA_USAGE = YES_ERROR;
				CLANG_WARN_DOCUMENTATION_COMMENTS = YES;
				CLANG_WARN_EMPTY_BODY = YES;
				CLANG_WARN_ENUM_CONVERSION = YES;
				CLANG_WARN_INFINITE_RECURSION = YES;
				CLANG_WARN_INT_CONVERSION = YES;
				CLANG_WARN_OBJC_ROOT_CLASS = YES_ERROR;
				CLANG_WARN_SUSPICIOUS_MOVE = YES;
				CLANG_WARN_UNREACHABLE_CODE = YES;
				CLANG_WARN__DUPLICATE_METHOD_MATCH = YES;
				CODE_SIGN_IDENTITY = "-";
				COPY_PHASE_STRIP = NO;
				DEBUG_INFORMATION_FORMAT = dwarf;
				ENABLE_STRICT_OBJC_MSGSEND = YES;
				ENABLE_TESTABILITY = YES;
				GCC_C_LANGUAGE_STANDARD = gnu99;
				GCC_DYNAMIC_NO_PIC = NO;
				GCC_NO_COMMON_BLOCKS = YES;
				GCC_OPTIMIZATION_LEVEL = 0;
				GCC_PREPROCESSOR_DEFINITIONS = (
					"DEBUG=1",
					"$(inherited)",
				);
				GCC_WARN_64_TO_32_BIT_CONVERSION = YES;
				GCC_WARN_ABOUT_RETURN_TYPE = YES_ERROR;
				GCC_WARN_UNDECLARED_SELECTOR = YES;
				GCC_WARN_UNINITIALIZED_AUTOS = YES_AGGRESSIVE;
				GCC_WARN_UNUSED_FUNCTION = YES;
				GCC_WARN_UNUSED_VARIABLE = YES;
				MACOSX_DEPLOYMENT_TARGET = 10.12;
				MTL_ENABLE_DEBUG_INFO = YES;
				ONLY_ACTIVE_ARCH = YES;
				SDKROOT = macosx;
			};
			name = Debug;
		};
		500A659C1EA36D8000AF4CE8 /* Release */ = {
			isa = XCBuildConfiguration;
			buildSettings = {
				ALWAYS_SEARCH_USER_PATHS = NO;
				CLANG_ANALYZER_NONNULL = YES;
				CLANG_CXX_LANGUAGE_STANDARD = "gnu++0x";
				CLANG_CXX_LIBRARY = "libc++";
				CLANG_ENABLE_MODULES = YES;
				CLANG_ENABLE_OBJC_ARC = YES;
				CLANG_WARN_BOOL_CONVERSION = YES;
				CLANG_WARN_CONSTANT_CONVERSION = YES;
				CLANG_WARN_DIRECT_OBJC_ISA_USAGE = YES_ERROR;
				CLANG_WARN_DOCUMENTATION_COMMENTS = YES;
				CLANG_WARN_EMPTY_BODY = YES;
				CLANG_WARN_ENUM_CONVERSION = YES;
				CLANG_WARN_INFINITE_RECURSION = YES;
				CLANG_WARN_INT_CONVERSION = YES;
				CLANG_WARN_OBJC_ROOT_CLASS = YES_ERROR;
				CLANG_WARN_SUSPICIOUS_MOVE = YES;
				CLANG_WARN_UNREACHABLE_CODE = YES;
				CLANG_WARN__DUPLICATE_METHOD_MATCH = YES;
				CODE_SIGN_IDENTITY = "-";
				COPY_PHASE_STRIP = NO;
				DEBUG_INFORMATION_FORMAT = "dwarf-with-dsym";
				ENABLE_NS_ASSERTIONS = NO;
				ENABLE_STRICT_OBJC_MSGSEND = YES;
				GCC_C_LANGUAGE_STANDARD = gnu99;
				GCC_NO_COMMON_BLOCKS = YES;
				GCC_WARN_64_TO_32_BIT_CONVERSION = YES;
				GCC_WARN_ABOUT_RETURN_TYPE = YES_ERROR;
				GCC_WARN_UNDECLARED_SELECTOR = YES;
				GCC_WARN_UNINITIALIZED_AUTOS = YES_AGGRESSIVE;
				GCC_WARN_UNUSED_FUNCTION = YES;
				GCC_WARN_UNUSED_VARIABLE = YES;
				MACOSX_DEPLOYMENT_TARGET = 10.12;
				MTL_ENABLE_DEBUG_INFO = NO;
				SDKROOT = macosx;
			};
			name = Release;
		};
		500A659E1EA36D8000AF4CE8 /* Debug */ = {
			isa = XCBuildConfiguration;
			buildSettings = {
				PRODUCT_NAME = "$(TARGET_NAME)";
			};
			name = Debug;
		};
		500A659F1EA36D8000AF4CE8 /* Release */ = {
			isa = XCBuildConfiguration;
			buildSettings = {
				PRODUCT_NAME = "$(TARGET_NAME)";
			};
			name = Release;
		};
/* End XCBuildConfiguration section */

/* Begin XCConfigurationList section */
		500A65911EA36D7F00AF4CE8 /* Build configuration list for PBXProject "2.1 线性表" */ = {
			isa = XCConfigurationList;
			buildConfigurations = (
				500A659B1EA36D8000AF4CE8 /* Debug */,
				500A659C1EA36D8000AF4CE8 /* Release */,
			);
			defaultConfigurationIsVisible = 0;
			defaultConfigurationName = Release;
		};
		500A659D1EA36D8000AF4CE8 /* Build configuration list for PBXNativeTarget "2.1 线性表" */ = {
			isa = XCConfigurationList;
			buildConfigurations = (
				500A659E1EA36D8000AF4CE8 /* Debug */,
				500A659F1EA36D8000AF4CE8 /* Release */,
			);
			defaultConfigurationIsVisible = 0;
		};
/* End XCConfigurationList section */
	};
	rootObject = 500A658E1EA36D7F00AF4CE8 /* Project object */;
}
