// !$*UTF8*$!
{
	archiveVersion = 1;
	classes = {
	};
	objectVersion = 46;
	objects = {

/* Begin PBXBuildFile section */
		509B257F1EB8CF1A003F5BBD /* main.c in Sources */ = {isa = PBXBuildFile; fileRef = 509B257E1EB8CF1A003F5BBD /* main.c */; };
		509B25871EB8CF3A003F5BBD /* CycQueue.c in Sources */ = {isa = PBXBuildFile; fileRef = 509B25851EB8CF3A003F5BBD /* CycQueue.c */; };
/* End PBXBuildFile section */

/* Begin PBXCopyFilesBuildPhase section */
		509B25791EB8CF1A003F5BBD /* CopyFiles */ = {
			isa = PBXCopyFilesBuildPhase;
			buildActionMask = 2147483647;
			dstPath = /usr/share/man/man1/;
			dstSubfolderSpec = 0;
			files = (
			);
			runOnlyForDeploymentPostprocessing = 1;
		};
/* End PBXCopyFilesBuildPhase section */

/* Begin PBXFileReference section */
		509B257B1EB8CF1A003F5BBD /* 2.2 循环队列 */ = {isa = PBXFileReference; explicitFileType = "compiled.mach-o.executable"; includeInIndex = 0; path = "2.2 循环队列"; sourceTree = BUILT_PRODUCTS_DIR; };
		509B257E1EB8CF1A003F5BBD /* main.c */ = {isa = PBXFileReference; lastKnownFileType = sourcecode.c.c; path = main.c; sourceTree = "<group>"; };
		509B25851EB8CF3A003F5BBD /* CycQueue.c */ = {isa = PBXFileReference; fileEncoding = 4; lastKnownFileType = sourcecode.c.c; path = CycQueue.c; sourceTree = "<group>"; };
		509B25861EB8CF3A003F5BBD /* CycQueue.h */ = {isa = PBXFileReference; fileEncoding = 4; lastKnownFileType = sourcecode.c.h; path = CycQueue.h; sourceTree = "<group>"; };
/* End PBXFileReference section */

/* Begin PBXFrameworksBuildPhase section */
		509B25781EB8CF1A003F5BBD /* Frameworks */ = {
			isa = PBXFrameworksBuildPhase;
			buildActionMask = 2147483647;
			files = (
			);
			runOnlyForDeploymentPostprocessing = 0;
		};
/* End PBXFrameworksBuildPhase section */

/* Begin PBXGroup section */
		509B25721EB8CF1A003F5BBD = {
			isa = PBXGroup;
			children = (
				509B257D1EB8CF1A003F5BBD /* 2.2 循环队列 */,
				509B257C1EB8CF1A003F5BBD /* Products */,
			);
			sourceTree = "<group>";
		};
		509B257C1EB8CF1A003F5BBD /* Products */ = {
			isa = PBXGroup;
			children = (
				509B257B1EB8CF1A003F5BBD /* 2.2 循环队列 */,
			);
			name = Products;
			sourceTree = "<group>";
		};
		509B257D1EB8CF1A003F5BBD /* 2.2 循环队列 */ = {
			isa = PBXGroup;
			children = (
				509B257E1EB8CF1A003F5BBD /* main.c */,
				509B25861EB8CF3A003F5BBD /* CycQueue.h */,
				509B25851EB8CF3A003F5BBD /* CycQueue.c */,
			);
			path = "2.2 循环队列";
			sourceTree = "<group>";
		};
/* End PBXGroup section */

/* Begin PBXNativeTarget section */
		509B257A1EB8CF1A003F5BBD /* 2.2 循环队列 */ = {
			isa = PBXNativeTarget;
			buildConfigurationList = 509B25821EB8CF1A003F5BBD /* Build configuration list for PBXNativeTarget "2.2 循环队列" */;
			buildPhases = (
				509B25771EB8CF1A003F5BBD /* Sources */,
				509B25781EB8CF1A003F5BBD /* Frameworks */,
				509B25791EB8CF1A003F5BBD /* CopyFiles */,
			);
			buildRules = (
			);
			dependencies = (
			);
			name = "2.2 循环队列";
			productName = "2.2 循环队列";
			productReference = 509B257B1EB8CF1A003F5BBD /* 2.2 循环队列 */;
			productType = "com.apple.product-type.tool";
		};
/* End PBXNativeTarget section */

/* Begin PBXProject section */
		509B25731EB8CF1A003F5BBD /* Project object */ = {
			isa = PBXProject;
			attributes = {
				LastUpgradeCheck = 0820;
				ORGANIZATIONNAME = wangx;
				TargetAttributes = {
					509B257A1EB8CF1A003F5BBD = {
						CreatedOnToolsVersion = 8.2;
						ProvisioningStyle = Automatic;
					};
				};
			};
			buildConfigurationList = 509B25761EB8CF1A003F5BBD /* Build configuration list for PBXProject "2.2 循环队列" */;
			compatibilityVersion = "Xcode 3.2";
			developmentRegion = English;
			hasScannedForEncodings = 0;
			knownRegions = (
				en,
			);
			mainGroup = 509B25721EB8CF1A003F5BBD;
			productRefGroup = 509B257C1EB8CF1A003F5BBD /* Products */;
			projectDirPath = "";
			projectRoot = "";
			targets = (
				509B257A1EB8CF1A003F5BBD /* 2.2 循环队列 */,
			);
		};
/* End PBXProject section */

/* Begin PBXSourcesBuildPhase section */
		509B25771EB8CF1A003F5BBD /* Sources */ = {
			isa = PBXSourcesBuildPhase;
			buildActionMask = 2147483647;
			files = (
				509B257F1EB8CF1A003F5BBD /* main.c in Sources */,
				509B25871EB8CF3A003F5BBD /* CycQueue.c in Sources */,
			);
			runOnlyForDeploymentPostprocessing = 0;
		};
/* End PBXSourcesBuildPhase section */

/* Begin XCBuildConfiguration section */
		509B25801EB8CF1A003F5BBD /* Debug */ = {
			isa = XCBuildConfiguration;
			buildSettings = {
				ALWAYS_SEARCH_USER_PATHS = NO;
				CLANG_ANALYZER_NONNULL = YES;
				CLANG_CXX_LANGUAGE_STANDARD = "gnu++0x";
				CLANG_CXX_LIBRARY = "libc++";
				CLANG_ENABLE_MODULES = YES;
				CLANG_ENABLE_OBJC_ARC = YES;
				CLANG_WARN_BOOL_CONVERSION = YES;
				CLANG_WARN_CONSTANT_CONVERSION = YES;
				CLANG_WARN_DIRECT_OBJC_ISA_USAGE = YES_ERROR;
				CLANG_WARN_DOCUMENTATION_COMMENTS = YES;
				CLANG_WARN_EMPTY_BODY = YES;
				CLANG_WARN_ENUM_CONVERSION = YES;
				CLANG_WARN_INFINITE_RECURSION = YES;
				CLANG_WARN_INT_CONVERSION = YES;
				CLANG_WARN_OBJC_ROOT_CLASS = YES_ERROR;
				CLANG_WARN_SUSPICIOUS_MOVE = YES;
				CLANG_WARN_UNREACHABLE_CODE = YES;
				CLANG_WARN__DUPLICATE_METHOD_MATCH = YES;
				CODE_SIGN_IDENTITY = "-";
				COPY_PHASE_STRIP = NO;
				DEBUG_INFORMATION_FORMAT = dwarf;
				ENABLE_STRICT_OBJC_MSGSEND = YES;
				ENABLE_TESTABILITY = YES;
				GCC_C_LANGUAGE_STANDARD = gnu99;
				GCC_DYNAMIC_NO_PIC = NO;
				GCC_NO_COMMON_BLOCKS = YES;
				GCC_OPTIMIZATION_LEVEL = 0;
				GCC_PREPROCESSOR_DEFINITIONS = (
					"DEBUG=1",
					"$(inherited)",
				);
				GCC_WARN_64_TO_32_BIT_CONVERSION = YES;
				GCC_WARN_ABOUT_RETURN_TYPE = YES_ERROR;
				GCC_WARN_UNDECLARED_SELECTOR = YES;
				GCC_WARN_UNINITIALIZED_AUTOS = YES_AGGRESSIVE;
				GCC_WARN_UNUSED_FUNCTION = YES;
				GCC_WARN_UNUSED_VARIABLE = YES;
				MACOSX_DEPLOYMENT_TARGET = 10.12;
				MTL_ENABLE_DEBUG_INFO = YES;
				ONLY_ACTIVE_ARCH = YES;
				SDKROOT = macosx;
			};
			name = Debug;
		};
		509B25811EB8CF1A003F5BBD /* Release */ = {
			isa = XCBuildConfiguration;
			buildSettings = {
				ALWAYS_SEARCH_USER_PATHS = NO;
				CLANG_ANALYZER_NONNULL = YES;
				CLANG_CXX_LANGUAGE_STANDARD = "gnu++0x";
				CLANG_CXX_LIBRARY = "libc++";
				CLANG_ENABLE_MODULES = YES;
				CLANG_ENABLE_OBJC_ARC = YES;
				CLANG_WARN_BOOL_CONVERSION = YES;
				CLANG_WARN_CONSTANT_CONVERSION = YES;
				CLANG_WARN_DIRECT_OBJC_ISA_USAGE = YES_ERROR;
				CLANG_WARN_DOCUMENTATION_COMMENTS = YES;
				CLANG_WARN_EMPTY_BODY = YES;
				CLANG_WARN_ENUM_CONVERSION = YES;
				CLANG_WARN_INFINITE_RECURSION = YES;
				CLANG_WARN_INT_CONVERSION = YES;
				CLANG_WARN_OBJC_ROOT_CLASS = YES_ERROR;
				CLANG_WARN_SUSPICIOUS_MOVE = YES;
				CLANG_WARN_UNREACHABLE_CODE = YES;
				CLANG_WARN__DUPLICATE_METHOD_MATCH = YES;
				CODE_SIGN_IDENTITY = "-";
				COPY_PHASE_STRIP = NO;
				DEBUG_INFORMATION_FORMAT = "dwarf-with-dsym";
				ENABLE_NS_ASSERTIONS = NO;
				ENABLE_STRICT_OBJC_MSGSEND = YES;
				GCC_C_LANGUAGE_STANDARD = gnu99;
				GCC_NO_COMMON_BLOCKS = YES;
				GCC_WARN_64_TO_32_BIT_CONVERSION = YES;
				GCC_WARN_ABOUT_RETURN_TYPE = YES_ERROR;
				GCC_WARN_UNDECLARED_SELECTOR = YES;
				GCC_WARN_UNINITIALIZED_AUTOS = YES_AGGRESSIVE;
				GCC_WARN_UNUSED_FUNCTION = YES;
				GCC_WARN_UNUSED_VARIABLE = YES;
				MACOSX_DEPLOYMENT_TARGET = 10.12;
				MTL_ENABLE_DEBUG_INFO = NO;
				SDKROOT = macosx;
			};
			name = Release;
		};
		509B25831EB8CF1A003F5BBD /* Debug */ = {
			isa = XCBuildConfiguration;
			buildSettings = {
				PRODUCT_NAME = "$(TARGET_NAME)";
			};
			name = Debug;
		};
		509B25841EB8CF1A003F5BBD /* Release */ = {
			isa = XCBuildConfiguration;
			buildSettings = {
				PRODUCT_NAME = "$(TARGET_NAME)";
			};
			name = Release;
		};
/* End XCBuildConfiguration section */

/* Begin XCConfigurationList section */
		509B25761EB8CF1A003F5BBD /* Build configuration list for PBXProject "2.2 循环队列" */ = {
			isa = XCConfigurationList;
			buildConfigurations = (
				509B25801EB8CF1A003F5BBD /* Debug */,
				509B25811EB8CF1A003F5BBD /* Release */,
			);
			defaultConfigurationIsVisible = 0;
			defaultConfigurationName = Release;
		};
		509B25821EB8CF1A003F5BBD /* Build configuration list for PBXNativeTarget "2.2 循环队列" */ = {
			isa = XCConfigurationList;
			buildConfigurations = (
				509B25831EB8CF1A003F5BBD /* Debug */,
				509B25841EB8CF1A003F5BBD /* Release */,
			);
			defaultConfigurationIsVisible = 0;
		};
/* End XCConfigurationList section */
	};
	rootObject = 509B25731EB8CF1A003F5BBD /* Project object */;
}
